
Microsoft Visual Studio Solution File, Format Version 12.00
# Visual Studio Version 17
VisualStudioVersion = 17.7.34024.191
MinimumVisualStudioVersion = 10.0.40219.1
Project("{9A19103F-16F7-4668-BE54-9A1E7A4F7556}") = "CursorHP", "CursorHP.csproj", "{E14B6C8F-5262-473F-9902-485A1BB45CBE}"
EndProject
Global
	GlobalSection(SolutionConfigurationPlatforms) = preSolution
		Debug|Any CPU = Debug|Any CPU
		Release|Any CPU = Release|Any CPU
	EndGlobalSection
	GlobalSection(ProjectConfigurationPlatforms) = postSolution
		{E14B6C8F-5262-473F-9902-485A1BB45CBE}.Debug|Any CPU.ActiveCfg = Debug|Any CPU
		{E14B6C8F-5262-473F-9902-485A1BB45CBE}.Debug|Any CPU.Build.0 = Debug|Any CPU
		{E14B6C8F-5262-473F-9902-485A1BB45CBE}.Release|Any CPU.ActiveCfg = Release|Any CPU
		{E14B6C8F-5262-473F-9902-485A1BB45CBE}.Release|Any CPU.Build.0 = Release|Any CPU
	EndGlobalSection
	GlobalSection(SolutionProperties) = preSolution
		HideSolutionNode = FALSE
	EndGlobalSection
	GlobalSection(ExtensibilityGlobals) = postSolution
		SolutionGuid = {597FCDAD-DEEF-472F-9B35-B8492EDABFFB}
	EndGlobalSection
EndGlobal
